
Microsoft Visual Studio Solution File, Format Version 12.00
Project("{FAE04EC0-301F-11D3-BF4B-00C04F79EFBC}") = "WebApi", "src\WebApi\WebApi.csproj", "{DAB77B11-EB1D-443E-A87F-9F3B4C20C1C5}"
EndProject
Project("{2150E333-8FDC-42A3-9474-1A3956D46DE8}") = "src", "src", "{BCFCC6B1-C661-4DF6-AB50-7F256B65879E}"
EndProject
Project("{FAE04EC0-301F-11D3-BF4B-00C04F79EFBC}") = "Web.Common", "src\Web.Common\Web.Common.csproj", "{36DE3B08-9CB7-4B7D-8D0B-920B85EAE4DB}"
EndProject
Project("{FAE04EC0-301F-11D3-BF4B-00C04F79EFBC}") = "WebApi.Seeding", "src\WebApi.Seeding\WebApi.Seeding.csproj", "{0EA16D2A-EE2B-4355-91B6-AC90DA61B42E}"
EndProject
Project("{2150E333-8FDC-42A3-9474-1A3956D46DE8}") = "tests", "tests", "{0AB3BF05-4346-4AA6-1389-037BE0695223}"
EndProject
Project("{FAE04EC0-301F-11D3-BF4B-00C04F79EFBC}") = "WebApi.Tests", "tests\WebApi.Tests\WebApi.Tests.csproj", "{2D8EDD25-8810-4C0F-B46B-EDBDE3A78286}"
EndProject
Global
	GlobalSection(SolutionConfigurationPlatforms) = preSolution
		Debug|Any CPU = Debug|Any CPU
		Debug|x64 = Debug|x64
		Debug|x86 = Debug|x86
		Release|Any CPU = Release|Any CPU
		Release|x64 = Release|x64
		Release|x86 = Release|x86
	EndGlobalSection
	GlobalSection(ProjectConfigurationPlatforms) = postSolution
		{DAB77B11-EB1D-443E-A87F-9F3B4C20C1C5}.Debug|Any CPU.ActiveCfg = Debug|Any CPU
		{DAB77B11-EB1D-443E-A87F-9F3B4C20C1C5}.Debug|Any CPU.Build.0 = Debug|Any CPU
		{DAB77B11-EB1D-443E-A87F-9F3B4C20C1C5}.Debug|x64.ActiveCfg = Debug|Any CPU
		{DAB77B11-EB1D-443E-A87F-9F3B4C20C1C5}.Debug|x64.Build.0 = Debug|Any CPU
		{DAB77B11-EB1D-443E-A87F-9F3B4C20C1C5}.Debug|x86.ActiveCfg = Debug|Any CPU
		{DAB77B11-EB1D-443E-A87F-9F3B4C20C1C5}.Debug|x86.Build.0 = Debug|Any CPU
		{DAB77B11-EB1D-443E-A87F-9F3B4C20C1C5}.Release|Any CPU.ActiveCfg = Release|Any CPU
		{DAB77B11-EB1D-443E-A87F-9F3B4C20C1C5}.Release|Any CPU.Build.0 = Release|Any CPU
		{DAB77B11-EB1D-443E-A87F-9F3B4C20C1C5}.Release|x64.ActiveCfg = Release|Any CPU
		{DAB77B11-EB1D-443E-A87F-9F3B4C20C1C5}.Release|x64.Build.0 = Release|Any CPU
		{DAB77B11-EB1D-443E-A87F-9F3B4C20C1C5}.Release|x86.ActiveCfg = Release|Any CPU
		{DAB77B11-EB1D-443E-A87F-9F3B4C20C1C5}.Release|x86.Build.0 = Release|Any CPU
		{36DE3B08-9CB7-4B7D-8D0B-920B85EAE4DB}.Debug|Any CPU.ActiveCfg = Debug|Any CPU
		{36DE3B08-9CB7-4B7D-8D0B-920B85EAE4DB}.Debug|Any CPU.Build.0 = Debug|Any CPU
		{36DE3B08-9CB7-4B7D-8D0B-920B85EAE4DB}.Debug|x64.ActiveCfg = Debug|Any CPU
		{36DE3B08-9CB7-4B7D-8D0B-920B85EAE4DB}.Debug|x64.Build.0 = Debug|Any CPU
		{36DE3B08-9CB7-4B7D-8D0B-920B85EAE4DB}.Debug|x86.ActiveCfg = Debug|Any CPU
		{36DE3B08-9CB7-4B7D-8D0B-920B85EAE4DB}.Debug|x86.Build.0 = Debug|Any CPU
		{36DE3B08-9CB7-4B7D-8D0B-920B85EAE4DB}.Release|Any CPU.ActiveCfg = Release|Any CPU
		{36DE3B08-9CB7-4B7D-8D0B-920B85EAE4DB}.Release|Any CPU.Build.0 = Release|Any CPU
		{36DE3B08-9CB7-4B7D-8D0B-920B85EAE4DB}.Release|x64.ActiveCfg = Release|Any CPU
		{36DE3B08-9CB7-4B7D-8D0B-920B85EAE4DB}.Release|x64.Build.0 = Release|Any CPU
		{36DE3B08-9CB7-4B7D-8D0B-920B85EAE4DB}.Release|x86.ActiveCfg = Release|Any CPU
		{36DE3B08-9CB7-4B7D-8D0B-920B85EAE4DB}.Release|x86.Build.0 = Release|Any CPU
		{0EA16D2A-EE2B-4355-91B6-AC90DA61B42E}.Debug|Any CPU.ActiveCfg = Debug|Any CPU
		{0EA16D2A-EE2B-4355-91B6-AC90DA61B42E}.Debug|Any CPU.Build.0 = Debug|Any CPU
		{0EA16D2A-EE2B-4355-91B6-AC90DA61B42E}.Debug|x64.ActiveCfg = Debug|Any CPU
		{0EA16D2A-EE2B-4355-91B6-AC90DA61B42E}.Debug|x64.Build.0 = Debug|Any CPU
		{0EA16D2A-EE2B-4355-91B6-AC90DA61B42E}.Debug|x86.ActiveCfg = Debug|Any CPU
		{0EA16D2A-EE2B-4355-91B6-AC90DA61B42E}.Debug|x86.Build.0 = Debug|Any CPU
		{0EA16D2A-EE2B-4355-91B6-AC90DA61B42E}.Release|Any CPU.ActiveCfg = Release|Any CPU
		{0EA16D2A-EE2B-4355-91B6-AC90DA61B42E}.Release|Any CPU.Build.0 = Release|Any CPU
		{0EA16D2A-EE2B-4355-91B6-AC90DA61B42E}.Release|x64.ActiveCfg = Release|Any CPU
		{0EA16D2A-EE2B-4355-91B6-AC90DA61B42E}.Release|x64.Build.0 = Release|Any CPU
		{0EA16D2A-EE2B-4355-91B6-AC90DA61B42E}.Release|x86.ActiveCfg = Release|Any CPU
		{0EA16D2A-EE2B-4355-91B6-AC90DA61B42E}.Release|x86.Build.0 = Release|Any CPU
		{2D8EDD25-8810-4C0F-B46B-EDBDE3A78286}.Debug|Any CPU.ActiveCfg = Debug|Any CPU
		{2D8EDD25-8810-4C0F-B46B-EDBDE3A78286}.Debug|Any CPU.Build.0 = Debug|Any CPU
		{2D8EDD25-8810-4C0F-B46B-EDBDE3A78286}.Debug|x64.ActiveCfg = Debug|Any CPU
		{2D8EDD25-8810-4C0F-B46B-EDBDE3A78286}.Debug|x64.Build.0 = Debug|Any CPU
		{2D8EDD25-8810-4C0F-B46B-EDBDE3A78286}.Debug|x86.ActiveCfg = Debug|Any CPU
		{2D8EDD25-8810-4C0F-B46B-EDBDE3A78286}.Debug|x86.Build.0 = Debug|Any CPU
		{2D8EDD25-8810-4C0F-B46B-EDBDE3A78286}.Release|Any CPU.ActiveCfg = Release|Any CPU
		{2D8EDD25-8810-4C0F-B46B-EDBDE3A78286}.Release|Any CPU.Build.0 = Release|Any CPU
		{2D8EDD25-8810-4C0F-B46B-EDBDE3A78286}.Release|x64.ActiveCfg = Release|Any CPU
		{2D8EDD25-8810-4C0F-B46B-EDBDE3A78286}.Release|x64.Build.0 = Release|Any CPU
		{2D8EDD25-8810-4C0F-B46B-EDBDE3A78286}.Release|x86.ActiveCfg = Release|Any CPU
		{2D8EDD25-8810-4C0F-B46B-EDBDE3A78286}.Release|x86.Build.0 = Release|Any CPU
	EndGlobalSection
	GlobalSection(SolutionProperties) = preSolution
		HideSolutionNode = FALSE
	EndGlobalSection
	GlobalSection(NestedProjects) = preSolution
		{DAB77B11-EB1D-443E-A87F-9F3B4C20C1C5} = {BCFCC6B1-C661-4DF6-AB50-7F256B65879E}
		{36DE3B08-9CB7-4B7D-8D0B-920B85EAE4DB} = {BCFCC6B1-C661-4DF6-AB50-7F256B65879E}
		{0EA16D2A-EE2B-4355-91B6-AC90DA61B42E} = {BCFCC6B1-C661-4DF6-AB50-7F256B65879E}
		{2D8EDD25-8810-4C0F-B46B-EDBDE3A78286} = {0AB3BF05-4346-4AA6-1389-037BE0695223}
	EndGlobalSection
EndGlobal
